
Microsoft Visual Studio Solution File, Format Version 12.00
# Visual Studio Version 16
VisualStudioVersion = 16.0.30413.136
MinimumVisualStudioVersion = 10.0.40219.1
Project("{FAE04EC0-301F-11D3-BF4B-00C04F79EFBC}") = "MLS_Morales_DeLeon", "MLS_Morales_DeLeon\MLS_Morales_DeLeon.csproj", "{B9BA2730-64FB-4A65-876C-A406B4A551DC}"
EndProject
Global
	GlobalSection(SolutionConfigurationPlatforms) = preSolution
		Debug|Any CPU = Debug|Any CPU
		Release|Any CPU = Release|Any CPU
	EndGlobalSection
	GlobalSection(ProjectConfigurationPlatforms) = postSolution
		{B9BA2730-64FB-4A65-876C-A406B4A551DC}.Debug|Any CPU.ActiveCfg = Debug|Any CPU
		{B9BA2730-64FB-4A65-876C-A406B4A551DC}.Debug|Any CPU.Build.0 = Debug|Any CPU
		{B9BA2730-64FB-4A65-876C-A406B4A551DC}.Release|Any CPU.ActiveCfg = Release|Any CPU
		{B9BA2730-64FB-4A65-876C-A406B4A551DC}.Release|Any CPU.Build.0 = Release|Any CPU
	EndGlobalSection
	GlobalSection(SolutionProperties) = preSolution
		HideSolutionNode = FALSE
	EndGlobalSection
	GlobalSection(ExtensibilityGlobals) = postSolution
		SolutionGuid = {922D817D-5F26-4016-870C-391B4F66CBDF}
	EndGlobalSection
EndGlobal
